
Microsoft Visual Studio Solution File, Format Version 12.00
# Visual Studio Version 17
VisualStudioVersion = 17.7.34221.43
MinimumVisualStudioVersion = 10.0.40219.1
Project("{FAE04EC0-301F-11D3-BF4B-00C04F79EFBC}") = "EXAMENPRACTICA", "EXAMENPRACTICA\EXAMENPRACTICA.csproj", "{91A006A7-5B69-4E2B-88CC-11F1637A7874}"
EndProject
Global
	GlobalSection(SolutionConfigurationPlatforms) = preSolution
		Debug|Any CPU = Debug|Any CPU
		Release|Any CPU = Release|Any CPU
	EndGlobalSection
	GlobalSection(ProjectConfigurationPlatforms) = postSolution
		{91A006A7-5B69-4E2B-88CC-11F1637A7874}.Debug|Any CPU.ActiveCfg = Debug|Any CPU
		{91A006A7-5B69-4E2B-88CC-11F1637A7874}.Debug|Any CPU.Build.0 = Debug|Any CPU
		{91A006A7-5B69-4E2B-88CC-11F1637A7874}.Release|Any CPU.ActiveCfg = Release|Any CPU
		{91A006A7-5B69-4E2B-88CC-11F1637A7874}.Release|Any CPU.Build.0 = Release|Any CPU
	EndGlobalSection
	GlobalSection(SolutionProperties) = preSolution
		HideSolutionNode = FALSE
	EndGlobalSection
	GlobalSection(ExtensibilityGlobals) = postSolution
		SolutionGuid = {65DD2413-72C9-4A3B-8163-607D2DBEA495}
	EndGlobalSection
EndGlobal
